
Microsoft Visual Studio Solution File, Format Version 12.00
Project("{FAE04EC0-301F-11D3-BF4B-00C04F79EFBC}") = "SingleResponsibilityPrinciple", "SOLIDPrinciples\SingleResponsibilityPrinciple\SingleResponsibilityPrinciple.csproj", "{954D254C-1391-4491-9D62-2A44732C60AA}"
EndProject
Project("{FAE04EC0-301F-11D3-BF4B-00C04F79EFBC}") = "OpenClosedPrinciple", "SOLIDPrinciples\OpenClosedPrinciple\OpenClosedPrinciple.csproj", "{2FD0D569-3CA5-42BD-8E53-BF23710DBE24}"
EndProject
Project("{FAE04EC0-301F-11D3-BF4B-00C04F79EFBC}") = "Builder", "DesignPatterns\Builder\Builder.csproj", "{3F205999-2E91-401A-90AA-F6ACBAE883B7}"
EndProject
Project("{FAE04EC0-301F-11D3-BF4B-00C04F79EFBC}") = "LiskovSubstitutionPrinciple", "SOLIDPrinciples\LiskovSubstitutionPrinciple\LiskovSubstitutionPrinciple.csproj", "{D7CDFE8D-8A8C-4C42-A3BC-5AFE0F37F91F}"
EndProject
Project("{FAE04EC0-301F-11D3-BF4B-00C04F79EFBC}") = "InterfaceSegregationPrinciple", "SOLIDPrinciples\InterfaceSegregationPrinciple\InterfaceSegregationPrinciple.csproj", "{8ACC9F12-24ED-4600-87AA-D2F7A025EF81}"
EndProject
Project("{FAE04EC0-301F-11D3-BF4B-00C04F79EFBC}") = "DependencyInversionPrinciple", "SOLIDPrinciples\DependencyInversionPrinciple\DependencyInversionPrinciple.csproj", "{1CBB0B0B-35E0-4579-A0A1-AD8DA6178A5F}"
EndProject
Project("{FAE04EC0-301F-11D3-BF4B-00C04F79EFBC}") = "Factories", "DesignPatterns\Factories\Factories.csproj", "{ADEEF9B5-8F33-4834-AECA-9BAA91FDF557}"
EndProject
Project("{FAE04EC0-301F-11D3-BF4B-00C04F79EFBC}") = "Prototype", "DesignPatterns\Prototype\Prototype.csproj", "{C477DFFE-D4A6-420B-A00A-7C0128368959}"
EndProject
Project("{FAE04EC0-301F-11D3-BF4B-00C04F79EFBC}") = "Singleton", "DesignPatterns\Singleton\Singleton.csproj", "{4C9D9A58-FF05-4DA9-87DC-09C89308FFAD}"
EndProject
Project("{FAE04EC0-301F-11D3-BF4B-00C04F79EFBC}") = "Adapter", "DesignPatterns\Adapter\Adapter.csproj", "{16FAD17C-C706-4DCE-94EC-380CA5E2DD71}"
EndProject
Project("{FAE04EC0-301F-11D3-BF4B-00C04F79EFBC}") = "Bridge", "DesignPatterns\Bridge\Bridge.csproj", "{269602AB-B861-4DA8-8EAE-B33C57915A55}"
EndProject
Project("{FAE04EC0-301F-11D3-BF4B-00C04F79EFBC}") = "Composite", "DesignPatterns\Composite\Composite.csproj", "{DB796AD6-B92C-45B2-B358-A5DFE6F8B186}"
EndProject
Global
	GlobalSection(SolutionConfigurationPlatforms) = preSolution
		Debug|Any CPU = Debug|Any CPU
		Release|Any CPU = Release|Any CPU
	EndGlobalSection
	GlobalSection(ProjectConfigurationPlatforms) = postSolution
		{954D254C-1391-4491-9D62-2A44732C60AA}.Debug|Any CPU.ActiveCfg = Debug|Any CPU
		{954D254C-1391-4491-9D62-2A44732C60AA}.Debug|Any CPU.Build.0 = Debug|Any CPU
		{954D254C-1391-4491-9D62-2A44732C60AA}.Release|Any CPU.ActiveCfg = Release|Any CPU
		{954D254C-1391-4491-9D62-2A44732C60AA}.Release|Any CPU.Build.0 = Release|Any CPU
		{2FD0D569-3CA5-42BD-8E53-BF23710DBE24}.Debug|Any CPU.ActiveCfg = Debug|Any CPU
		{2FD0D569-3CA5-42BD-8E53-BF23710DBE24}.Debug|Any CPU.Build.0 = Debug|Any CPU
		{2FD0D569-3CA5-42BD-8E53-BF23710DBE24}.Release|Any CPU.ActiveCfg = Release|Any CPU
		{2FD0D569-3CA5-42BD-8E53-BF23710DBE24}.Release|Any CPU.Build.0 = Release|Any CPU
		{3F205999-2E91-401A-90AA-F6ACBAE883B7}.Debug|Any CPU.ActiveCfg = Debug|Any CPU
		{3F205999-2E91-401A-90AA-F6ACBAE883B7}.Debug|Any CPU.Build.0 = Debug|Any CPU
		{3F205999-2E91-401A-90AA-F6ACBAE883B7}.Release|Any CPU.ActiveCfg = Release|Any CPU
		{3F205999-2E91-401A-90AA-F6ACBAE883B7}.Release|Any CPU.Build.0 = Release|Any CPU
		{D7CDFE8D-8A8C-4C42-A3BC-5AFE0F37F91F}.Debug|Any CPU.ActiveCfg = Debug|Any CPU
		{D7CDFE8D-8A8C-4C42-A3BC-5AFE0F37F91F}.Debug|Any CPU.Build.0 = Debug|Any CPU
		{D7CDFE8D-8A8C-4C42-A3BC-5AFE0F37F91F}.Release|Any CPU.ActiveCfg = Release|Any CPU
		{D7CDFE8D-8A8C-4C42-A3BC-5AFE0F37F91F}.Release|Any CPU.Build.0 = Release|Any CPU
		{8ACC9F12-24ED-4600-87AA-D2F7A025EF81}.Debug|Any CPU.ActiveCfg = Debug|Any CPU
		{8ACC9F12-24ED-4600-87AA-D2F7A025EF81}.Debug|Any CPU.Build.0 = Debug|Any CPU
		{8ACC9F12-24ED-4600-87AA-D2F7A025EF81}.Release|Any CPU.ActiveCfg = Release|Any CPU
		{8ACC9F12-24ED-4600-87AA-D2F7A025EF81}.Release|Any CPU.Build.0 = Release|Any CPU
		{1CBB0B0B-35E0-4579-A0A1-AD8DA6178A5F}.Debug|Any CPU.ActiveCfg = Debug|Any CPU
		{1CBB0B0B-35E0-4579-A0A1-AD8DA6178A5F}.Debug|Any CPU.Build.0 = Debug|Any CPU
		{1CBB0B0B-35E0-4579-A0A1-AD8DA6178A5F}.Release|Any CPU.ActiveCfg = Release|Any CPU
		{1CBB0B0B-35E0-4579-A0A1-AD8DA6178A5F}.Release|Any CPU.Build.0 = Release|Any CPU
		{ADEEF9B5-8F33-4834-AECA-9BAA91FDF557}.Debug|Any CPU.ActiveCfg = Debug|Any CPU
		{ADEEF9B5-8F33-4834-AECA-9BAA91FDF557}.Debug|Any CPU.Build.0 = Debug|Any CPU
		{ADEEF9B5-8F33-4834-AECA-9BAA91FDF557}.Release|Any CPU.ActiveCfg = Release|Any CPU
		{ADEEF9B5-8F33-4834-AECA-9BAA91FDF557}.Release|Any CPU.Build.0 = Release|Any CPU
		{C477DFFE-D4A6-420B-A00A-7C0128368959}.Debug|Any CPU.ActiveCfg = Debug|Any CPU
		{C477DFFE-D4A6-420B-A00A-7C0128368959}.Debug|Any CPU.Build.0 = Debug|Any CPU
		{C477DFFE-D4A6-420B-A00A-7C0128368959}.Release|Any CPU.ActiveCfg = Release|Any CPU
		{C477DFFE-D4A6-420B-A00A-7C0128368959}.Release|Any CPU.Build.0 = Release|Any CPU
		{4C9D9A58-FF05-4DA9-87DC-09C89308FFAD}.Debug|Any CPU.ActiveCfg = Debug|Any CPU
		{4C9D9A58-FF05-4DA9-87DC-09C89308FFAD}.Debug|Any CPU.Build.0 = Debug|Any CPU
		{4C9D9A58-FF05-4DA9-87DC-09C89308FFAD}.Release|Any CPU.ActiveCfg = Release|Any CPU
		{4C9D9A58-FF05-4DA9-87DC-09C89308FFAD}.Release|Any CPU.Build.0 = Release|Any CPU
		{16FAD17C-C706-4DCE-94EC-380CA5E2DD71}.Debug|Any CPU.ActiveCfg = Debug|Any CPU
		{16FAD17C-C706-4DCE-94EC-380CA5E2DD71}.Debug|Any CPU.Build.0 = Debug|Any CPU
		{16FAD17C-C706-4DCE-94EC-380CA5E2DD71}.Release|Any CPU.ActiveCfg = Release|Any CPU
		{16FAD17C-C706-4DCE-94EC-380CA5E2DD71}.Release|Any CPU.Build.0 = Release|Any CPU
		{269602AB-B861-4DA8-8EAE-B33C57915A55}.Debug|Any CPU.ActiveCfg = Debug|Any CPU
		{269602AB-B861-4DA8-8EAE-B33C57915A55}.Debug|Any CPU.Build.0 = Debug|Any CPU
		{269602AB-B861-4DA8-8EAE-B33C57915A55}.Release|Any CPU.ActiveCfg = Release|Any CPU
		{269602AB-B861-4DA8-8EAE-B33C57915A55}.Release|Any CPU.Build.0 = Release|Any CPU
		{DB796AD6-B92C-45B2-B358-A5DFE6F8B186}.Debug|Any CPU.ActiveCfg = Debug|Any CPU
		{DB796AD6-B92C-45B2-B358-A5DFE6F8B186}.Debug|Any CPU.Build.0 = Debug|Any CPU
		{DB796AD6-B92C-45B2-B358-A5DFE6F8B186}.Release|Any CPU.ActiveCfg = Release|Any CPU
		{DB796AD6-B92C-45B2-B358-A5DFE6F8B186}.Release|Any CPU.Build.0 = Release|Any CPU
	EndGlobalSection
EndGlobal
